
Microsoft Visual Studio Solution File, Format Version 12.00
# Visual Studio 15
Project("{FAE04EC0-301F-11D3-BF4B-00C04F79EFBC}") = "Assembly-CSharp", "Assembly-CSharp.csproj", "{778038A5-773B-85EB-BE60-CBF6D023220A}"
EndProject
Project("{FAE04EC0-301F-11D3-BF4B-00C04F79EFBC}") = "Assembly-CSharp-Editor", "Assembly-CSharp-Editor.csproj", "{CC4FD895-AE60-9F44-F570-A29520674A9D}"
EndProject
Global
	GlobalSection(SolutionConfigurationPlatforms) = preSolution
		Debug|Any CPU = Debug|Any CPU
		Release|Any CPU = Release|Any CPU
	EndGlobalSection
	GlobalSection(ProjectConfigurationPlatforms) = postSolution
		{778038A5-773B-85EB-BE60-CBF6D023220A}.Debug|Any CPU.ActiveCfg = Debug|Any CPU
		{778038A5-773B-85EB-BE60-CBF6D023220A}.Debug|Any CPU.Build.0 = Debug|Any CPU
		{778038A5-773B-85EB-BE60-CBF6D023220A}.Release|Any CPU.ActiveCfg = Release|Any CPU
		{778038A5-773B-85EB-BE60-CBF6D023220A}.Release|Any CPU.Build.0 = Release|Any CPU
		{CC4FD895-AE60-9F44-F570-A29520674A9D}.Debug|Any CPU.ActiveCfg = Debug|Any CPU
		{CC4FD895-AE60-9F44-F570-A29520674A9D}.Debug|Any CPU.Build.0 = Debug|Any CPU
		{CC4FD895-AE60-9F44-F570-A29520674A9D}.Release|Any CPU.ActiveCfg = Release|Any CPU
		{CC4FD895-AE60-9F44-F570-A29520674A9D}.Release|Any CPU.Build.0 = Release|Any CPU
	EndGlobalSection
	GlobalSection(SolutionProperties) = preSolution
		HideSolutionNode = FALSE
	EndGlobalSection
EndGlobal
